// !$*UTF8*$!
{
	archiveVersion = 1;
	classes = {
	};
	objectVersion = 50;
	objects = {

/* Begin PBXBuildFile section */
		25D779EB1ED4D98366D7F491 /* Pods_FirstIosApp.framework in Frameworks */ = {isa = PBXBuildFile; fileRef = 22BD5FB550CD49CD0C6A2E82 /* Pods_FirstIosApp.framework */; };
		CBF4532D21144CB900E6D937 /* AppDelegate.swift in Sources */ = {isa = PBXBuildFile; fileRef = CBF4532C21144CB900E6D937 /* AppDelegate.swift */; };
		CBF4532F21144CBA00E6D937 /* ViewController.swift in Sources */ = {isa = PBXBuildFile; fileRef = CBF4532E21144CBA00E6D937 /* ViewController.swift */; };
		CBF4533221144CBA00E6D937 /* Main.storyboard in Resources */ = {isa = PBXBuildFile; fileRef = CBF4533021144CBA00E6D937 /* Main.storyboard */; };
		CBF4533421144CBB00E6D937 /* Assets.xcassets in Resources */ = {isa = PBXBuildFile; fileRef = CBF4533321144CBB00E6D937 /* Assets.xcassets */; };
		CBF4533721144CBB00E6D937 /* LaunchScreen.storyboard in Resources */ = {isa = PBXBuildFile; fileRef = CBF4533521144CBB00E6D937 /* LaunchScreen.storyboard */; };
/* End PBXBuildFile section */

/* Begin PBXFileReference section */
		22BD5FB550CD49CD0C6A2E82 /* Pods_FirstIosApp.framework */ = {isa = PBXFileReference; explicitFileType = wrapper.framework; includeInIndex = 0; path = Pods_FirstIosApp.framework; sourceTree = BUILT_PRODUCTS_DIR; };
		91FBEF617E87FEA93487C9B7 /* Pods-FirstIosApp.debug.xcconfig */ = {isa = PBXFileReference; includeInIndex = 1; lastKnownFileType = text.xcconfig; name = "Pods-FirstIosApp.debug.xcconfig"; path = "Pods/Target Support Files/Pods-FirstIosApp/Pods-FirstIosApp.debug.xcconfig"; sourceTree = "<group>"; };
		9A9CF6C9F241E51F3A518C27 /* Pods-FirstIosApp.release.xcconfig */ = {isa = PBXFileReference; includeInIndex = 1; lastKnownFileType = text.xcconfig; name = "Pods-FirstIosApp.release.xcconfig"; path = "Pods/Target Support Files/Pods-FirstIosApp/Pods-FirstIosApp.release.xcconfig"; sourceTree = "<group>"; };
		CBF4532921144CB900E6D937 /* FirstIosApp.app */ = {isa = PBXFileReference; explicitFileType = wrapper.application; includeInIndex = 0; path = FirstIosApp.app; sourceTree = BUILT_PRODUCTS_DIR; };
		CBF4532C21144CB900E6D937 /* AppDelegate.swift */ = {isa = PBXFileReference; lastKnownFileType = sourcecode.swift; path = AppDelegate.swift; sourceTree = "<group>"; };
		CBF4532E21144CBA00E6D937 /* ViewController.swift */ = {isa = PBXFileReference; lastKnownFileType = sourcecode.swift; path = ViewController.swift; sourceTree = "<group>"; };
		CBF4533121144CBA00E6D937 /* Base */ = {isa = PBXFileReference; lastKnownFileType = file.storyboard; name = Base; path = Base.lproj/Main.storyboard; sourceTree = "<group>"; };
		CBF4533321144CBB00E6D937 /* Assets.xcassets */ = {isa = PBXFileReference; lastKnownFileType = folder.assetcatalog; path = Assets.xcassets; sourceTree = "<group>"; };
		CBF4533621144CBB00E6D937 /* Base */ = {isa = PBXFileReference; lastKnownFileType = file.storyboard; name = Base; path = Base.lproj/LaunchScreen.storyboard; sourceTree = "<group>"; };
		CBF4533821144CBB00E6D937 /* Info.plist */ = {isa = PBXFileReference; lastKnownFileType = text.plist.xml; path = Info.plist; sourceTree = "<group>"; };
/* End PBXFileReference section */

/* Begin PBXFrameworksBuildPhase section */
		CBF4532621144CB900E6D937 /* Frameworks */ = {
			isa = PBXFrameworksBuildPhase;
			buildActionMask = 2147483647;
			files = (
				25D779EB1ED4D98366D7F491 /* Pods_FirstIosApp.framework in Frameworks */,
			);
			runOnlyForDeploymentPostprocessing = 0;
		};
/* End PBXFrameworksBuildPhase section */

/* Begin PBXGroup section */
		7B3FD659CD657F2A120E6126 /* Pods */ = {
			isa = PBXGroup;
			children = (
				91FBEF617E87FEA93487C9B7 /* Pods-FirstIosApp.debug.xcconfig */,
				9A9CF6C9F241E51F3A518C27 /* Pods-FirstIosApp.release.xcconfig */,
			);
			name = Pods;
			sourceTree = "<group>";
		};
		CBF4532021144CB900E6D937 = {
			isa = PBXGroup;
			children = (
				CBF4532B21144CB900E6D937 /* FirstIosApp */,
				CBF4532A21144CB900E6D937 /* Products */,
				7B3FD659CD657F2A120E6126 /* Pods */,
				FDE7561B01C3BF227658AA62 /* Frameworks */,
			);
			sourceTree = "<group>";
		};
		CBF4532A21144CB900E6D937 /* Products */ = {
			isa = PBXGroup;
			children = (
				CBF4532921144CB900E6D937 /* FirstIosApp.app */,
			);
			name = Products;
			sourceTree = "<group>";
		};
		CBF4532B21144CB900E6D937 /* FirstIosApp */ = {
			isa = PBXGroup;
			children = (
				CBF4532C21144CB900E6D937 /* AppDelegate.swift */,
				CBF4532E21144CBA00E6D937 /* ViewController.swift */,
				CBF4533021144CBA00E6D937 /* Main.storyboard */,
				CBF4533321144CBB00E6D937 /* Assets.xcassets */,
				CBF4533521144CBB00E6D937 /* LaunchScreen.storyboard */,
				CBF4533821144CBB00E6D937 /* Info.plist */,
			);
			path = FirstIosApp;
			sourceTree = "<group>";
		};
		FDE7561B01C3BF227658AA62 /* Frameworks */ = {
			isa = PBXGroup;
			children = (
				22BD5FB550CD49CD0C6A2E82 /* Pods_FirstIosApp.framework */,
			);
			name = Frameworks;
			sourceTree = "<group>";
		};
/* End PBXGroup section */

/* Begin PBXNativeTarget section */
		CBF4532821144CB900E6D937 /* FirstIosApp */ = {
			isa = PBXNativeTarget;
			buildConfigurationList = CBF4533B21144CBB00E6D937 /* Build configuration list for PBXNativeTarget "FirstIosApp" */;
			buildPhases = (
				6F776617B4BDD79875B99D1A /* [CP] Check Pods Manifest.lock */,
				CBF4532521144CB900E6D937 /* Sources */,
				CBF4532621144CB900E6D937 /* Frameworks */,
				CBF4532721144CB900E6D937 /* Resources */,
				60C4BD0C684684B96A1E7632 /* [CP] Embed Pods Frameworks */,
			);
			buildRules = (
			);
			dependencies = (
			);
			name = FirstIosApp;
			productName = FirstIosApp;
			productReference = CBF4532921144CB900E6D937 /* FirstIosApp.app */;
			productType = "com.apple.product-type.application";
		};
/* End PBXNativeTarget section */

/* Begin PBXProject section */
		CBF4532121144CB900E6D937 /* Project object */ = {
			isa = PBXProject;
			attributes = {
				LastSwiftUpdateCheck = 0940;
				LastUpgradeCheck = 0940;
				ORGANIZATIONNAME = "Tom Weerawat";
				TargetAttributes = {
					CBF4532821144CB900E6D937 = {
						CreatedOnToolsVersion = 9.4.1;
					};
				};
			};
			buildConfigurationList = CBF4532421144CB900E6D937 /* Build configuration list for PBXProject "FirstIosApp" */;
			compatibilityVersion = "Xcode 9.3";
			developmentRegion = en;
			hasScannedForEncodings = 0;
			knownRegions = (
				en,
				Base,
			);
			mainGroup = CBF4532021144CB900E6D937;
			productRefGroup = CBF4532A21144CB900E6D937 /* Products */;
			projectDirPath = "";
			projectRoot = "";
			targets = (
				CBF4532821144CB900E6D937 /* FirstIosApp */,
			);
		};
/* End PBXProject section */

/* Begin PBXResourcesBuildPhase section */
		CBF4532721144CB900E6D937 /* Resources */ = {
			isa = PBXResourcesBuildPhase;
			buildActionMask = 2147483647;
			files = (
				CBF4533721144CBB00E6D937 /* LaunchScreen.storyboard in Resources */,
				CBF4533421144CBB00E6D937 /* Assets.xcassets in Resources */,
				CBF4533221144CBA00E6D937 /* Main.storyboard in Resources */,
			);
			runOnlyForDeploymentPostprocessing = 0;
		};
/* End PBXResourcesBuildPhase section */

/* Begin PBXShellScriptBuildPhase section */
		60C4BD0C684684B96A1E7632 /* [CP] Embed Pods Frameworks */ = {
			isa = PBXShellScriptBuildPhase;
			buildActionMask = 2147483647;
			files = (
			);
			inputPaths = (
				"${SRCROOT}/Pods/Target Support Files/Pods-FirstIosApp/Pods-FirstIosApp-frameworks.sh",
				"${BUILT_PRODUCTS_DIR}/Alamofire/Alamofire.framework",
				"${BUILT_PRODUCTS_DIR}/SVProgressHUD/SVProgressHUD.framework",
			);
			name = "[CP] Embed Pods Frameworks";
			outputPaths = (
				"${TARGET_BUILD_DIR}/${FRAMEWORKS_FOLDER_PATH}/Alamofire.framework",
				"${TARGET_BUILD_DIR}/${FRAMEWORKS_FOLDER_PATH}/SVProgressHUD.framework",
			);
			runOnlyForDeploymentPostprocessing = 0;
			shellPath = /bin/sh;
			shellScript = "\"${SRCROOT}/Pods/Target Support Files/Pods-FirstIosApp/Pods-FirstIosApp-frameworks.sh\"\n";
			showEnvVarsInLog = 0;
		};
		6F776617B4BDD79875B99D1A /* [CP] Check Pods Manifest.lock */ = {
			isa = PBXShellScriptBuildPhase;
			buildActionMask = 2147483647;
			files = (
			);
			inputPaths = (
				"${PODS_PODFILE_DIR_PATH}/Podfile.lock",
				"${PODS_ROOT}/Manifest.lock",
			);
			name = "[CP] Check Pods Manifest.lock";
			outputPaths = (
				"$(DERIVED_FILE_DIR)/Pods-FirstIosApp-checkManifestLockResult.txt",
			);
			runOnlyForDeploymentPostprocessing = 0;
			shellPath = /bin/sh;
			shellScript = "diff \"${PODS_PODFILE_DIR_PATH}/Podfile.lock\" \"${PODS_ROOT}/Manifest.lock\" > /dev/null\nif [ $? != 0 ] ; then\n    # print error to STDERR\n    echo \"error: The sandbox is not in sync with the Podfile.lock. Run 'pod install' or update your CocoaPods installation.\" >&2\n    exit 1\nfi\n# This output is used by Xcode 'outputs' to avoid re-running this script phase.\necho \"SUCCESS\" > \"${SCRIPT_OUTPUT_FILE_0}\"\n";
			showEnvVarsInLog = 0;
		};
/* End PBXShellScriptBuildPhase section */

/* Begin PBXSourcesBuildPhase section */
		CBF4532521144CB900E6D937 /* Sources */ = {
			isa = PBXSourcesBuildPhase;
			buildActionMask = 2147483647;
			files = (
				CBF4532F21144CBA00E6D937 /* ViewController.swift in Sources */,
				CBF4532D21144CB900E6D937 /* AppDelegate.swift in Sources */,
			);
			runOnlyForDeploymentPostprocessing = 0;
		};
/* End PBXSourcesBuildPhase section */

/* Begin PBXVariantGroup section */
		CBF4533021144CBA00E6D937 /* Main.storyboard */ = {
			isa = PBXVariantGroup;
			children = (
				CBF4533121144CBA00E6D937 /* Base */,
			);
			name = Main.storyboard;
			sourceTree = "<group>";
		};
		CBF4533521144CBB00E6D937 /* LaunchScreen.storyboard */ = {
			isa = PBXVariantGroup;
			children = (
				CBF4533621144CBB00E6D937 /* Base */,
			);
			name = LaunchScreen.storyboard;
			sourceTree = "<group>";
		};
/* End PBXVariantGroup section */

/* Begin XCBuildConfiguration section */
		CBF4533921144CBB00E6D937 /* Debug */ = {
			isa = XCBuildConfiguration;
			buildSettings = {
				ALWAYS_SEARCH_USER_PATHS = NO;
				CLANG_ANALYZER_NONNULL = YES;
				CLANG_ANALYZER_NUMBER_OBJECT_CONVERSION = YES_AGGRESSIVE;
				CLANG_CXX_LANGUAGE_STANDARD = "gnu++14";
				CLANG_CXX_LIBRARY = "libc++";
				CLANG_ENABLE_MODULES = YES;
				CLANG_ENABLE_OBJC_ARC = YES;
				CLANG_ENABLE_OBJC_WEAK = YES;
				CLANG_WARN_BLOCK_CAPTURE_AUTORELEASING = YES;
				CLANG_WARN_BOOL_CONVERSION = YES;
				CLANG_WARN_COMMA = YES;
				CLANG_WARN_CONSTANT_CONVERSION = YES;
				CLANG_WARN_DEPRECATED_OBJC_IMPLEMENTATIONS = YES;
				CLANG_WARN_DIRECT_OBJC_ISA_USAGE = YES_ERROR;
				CLANG_WARN_DOCUMENTATION_COMMENTS = YES;
				CLANG_WARN_EMPTY_BODY = YES;
				CLANG_WARN_ENUM_CONVERSION = YES;
				CLANG_WARN_INFINITE_RECURSION = YES;
				CLANG_WARN_INT_CONVERSION = YES;
				CLANG_WARN_NON_LITERAL_NULL_CONVERSION = YES;
				CLANG_WARN_OBJC_IMPLICIT_RETAIN_SELF = YES;
				CLANG_WARN_OBJC_LITERAL_CONVERSION = YES;
				CLANG_WARN_OBJC_ROOT_CLASS = YES_ERROR;
				CLANG_WARN_RANGE_LOOP_ANALYSIS = YES;
				CLANG_WARN_STRICT_PROTOTYPES = YES;
				CLANG_WARN_SUSPICIOUS_MOVE = YES;
				CLANG_WARN_UNGUARDED_AVAILABILITY = YES_AGGRESSIVE;
				CLANG_WARN_UNREACHABLE_CODE = YES;
				CLANG_WARN__DUPLICATE_METHOD_MATCH = YES;
				CODE_SIGN_IDENTITY = "iPhone Developer";
				COPY_PHASE_STRIP = NO;
				DEBUG_INFORMATION_FORMAT = dwarf;
				ENABLE_STRICT_OBJC_MSGSEND = YES;
				ENABLE_TESTABILITY = YES;
				GCC_C_LANGUAGE_STANDARD = gnu11;
				GCC_DYNAMIC_NO_PIC = NO;
				GCC_NO_COMMON_BLOCKS = YES;
				GCC_OPTIMIZATION_LEVEL = 0;
				GCC_PREPROCESSOR_DEFINITIONS = (
					"DEBUG=1",
					"$(inherited)",
				);
				GCC_WARN_64_TO_32_BIT_CONVERSION = YES;
				GCC_WARN_ABOUT_RETURN_TYPE = YES_ERROR;
				GCC_WARN_UNDECLARED_SELECTOR = YES;
				GCC_WARN_UNINITIALIZED_AUTOS = YES_AGGRESSIVE;
				GCC_WARN_UNUSED_FUNCTION = YES;
				GCC_WARN_UNUSED_VARIABLE = YES;
				IPHONEOS_DEPLOYMENT_TARGET = 11.4;
				MTL_ENABLE_DEBUG_INFO = YES;
				ONLY_ACTIVE_ARCH = YES;
				SDKROOT = iphoneos;
				SWIFT_ACTIVE_COMPILATION_CONDITIONS = DEBUG;
				SWIFT_OPTIMIZATION_LEVEL = "-Onone";
			};
			name = Debug;
		};
		CBF4533A21144CBB00E6D937 /* Release */ = {
			isa = XCBuildConfiguration;
			buildSettings = {
				ALWAYS_SEARCH_USER_PATHS = NO;
				CLANG_ANALYZER_NONNULL = YES;
				CLANG_ANALYZER_NUMBER_OBJECT_CONVERSION = YES_AGGRESSIVE;
				CLANG_CXX_LANGUAGE_STANDARD = "gnu++14";
				CLANG_CXX_LIBRARY = "libc++";
				CLANG_ENABLE_MODULES = YES;
				CLANG_ENABLE_OBJC_ARC = YES;
				CLANG_ENABLE_OBJC_WEAK = YES;
				CLANG_WARN_BLOCK_CAPTURE_AUTORELEASING = YES;
				CLANG_WARN_BOOL_CONVERSION = YES;
				CLANG_WARN_COMMA = YES;
				CLANG_WARN_CONSTANT_CONVERSION = YES;
				CLANG_WARN_DEPRECATED_OBJC_IMPLEMENTATIONS = YES;
				CLANG_WARN_DIRECT_OBJC_ISA_USAGE = YES_ERROR;
				CLANG_WARN_DOCUMENTATION_COMMENTS = YES;
				CLANG_WARN_EMPTY_BODY = YES;
				CLANG_WARN_ENUM_CONVERSION = YES;
				CLANG_WARN_INFINITE_RECURSION = YES;
				CLANG_WARN_INT_CONVERSION = YES;
				CLANG_WARN_NON_LITERAL_NULL_CONVERSION = YES;
				CLANG_WARN_OBJC_IMPLICIT_RETAIN_SELF = YES;
				CLANG_WARN_OBJC_LITERAL_CONVERSION = YES;
				CLANG_WARN_OBJC_ROOT_CLASS = YES_ERROR;
				CLANG_WARN_RANGE_LOOP_ANALYSIS = YES;
				CLANG_WARN_STRICT_PROTOTYPES = YES;
				CLANG_WARN_SUSPICIOUS_MOVE = YES;
				CLANG_WARN_UNGUARDED_AVAILABILITY = YES_AGGRESSIVE;
				CLANG_WARN_UNREACHABLE_CODE = YES;
				CLANG_WARN__DUPLICATE_METHOD_MATCH = YES;
				CODE_SIGN_IDENTITY = "iPhone Developer";
				COPY_PHASE_STRIP = NO;
				DEBUG_INFORMATION_FORMAT = "dwarf-with-dsym";
				ENABLE_NS_ASSERTIONS = NO;
				ENABLE_STRICT_OBJC_MSGSEND = YES;
				GCC_C_LANGUAGE_STANDARD = gnu11;
				GCC_NO_COMMON_BLOCKS = YES;
				GCC_WARN_64_TO_32_BIT_CONVERSION = YES;
				GCC_WARN_ABOUT_RETURN_TYPE = YES_ERROR;
				GCC_WARN_UNDECLARED_SELECTOR = YES;
				GCC_WARN_UNINITIALIZED_AUTOS = YES_AGGRESSIVE;
				GCC_WARN_UNUSED_FUNCTION = YES;
				GCC_WARN_UNUSED_VARIABLE = YES;
				IPHONEOS_DEPLOYMENT_TARGET = 11.4;
				MTL_ENABLE_DEBUG_INFO = NO;
				SDKROOT = iphoneos;
				SWIFT_COMPILATION_MODE = wholemodule;
				SWIFT_OPTIMIZATION_LEVEL = "-O";
				VALIDATE_PRODUCT = YES;
			};
			name = Release;
		};
		CBF4533C21144CBB00E6D937 /* Debug */ = {
			isa = XCBuildConfiguration;
			baseConfigurationReference = 91FBEF617E87FEA93487C9B7 /* Pods-FirstIosApp.debug.xcconfig */;
			buildSettings = {
				ASSETCATALOG_COMPILER_APPICON_NAME = AppIcon;
				CODE_SIGN_STYLE = Automatic;
				INFOPLIST_FILE = FirstIosApp/Info.plist;
				LD_RUNPATH_SEARCH_PATHS = (
					"$(inherited)",
					"@executable_path/Frameworks",
				);
				PRODUCT_BUNDLE_IDENTIFIER = com.tommacbookpro.FirstIosApp;
				PRODUCT_NAME = "$(TARGET_NAME)";
				SWIFT_VERSION = 4.0;
				TARGETED_DEVICE_FAMILY = "1,2";
			};
			name = Debug;
		};
		CBF4533D21144CBB00E6D937 /* Release */ = {
			isa = XCBuildConfiguration;
			baseConfigurationReference = 9A9CF6C9F241E51F3A518C27 /* Pods-FirstIosApp.release.xcconfig */;
			buildSettings = {
				ASSETCATALOG_COMPILER_APPICON_NAME = AppIcon;
				CODE_SIGN_STYLE = Automatic;
				INFOPLIST_FILE = FirstIosApp/Info.plist;
				LD_RUNPATH_SEARCH_PATHS = (
					"$(inherited)",
					"@executable_path/Frameworks",
				);
				PRODUCT_BUNDLE_IDENTIFIER = com.tommacbookpro.FirstIosApp;
				PRODUCT_NAME = "$(TARGET_NAME)";
				SWIFT_VERSION = 4.0;
				TARGETED_DEVICE_FAMILY = "1,2";
			};
			name = Release;
		};
/* End XCBuildConfiguration section */

/* Begin XCConfigurationList section */
		CBF4532421144CB900E6D937 /* Build configuration list for PBXProject "FirstIosApp" */ = {
			isa = XCConfigurationList;
			buildConfigurations = (
				CBF4533921144CBB00E6D937 /* Debug */,
				CBF4533A21144CBB00E6D937 /* Release */,
			);
			defaultConfigurationIsVisible = 0;
			defaultConfigurationName = Release;
		};
		CBF4533B21144CBB00E6D937 /* Build configuration list for PBXNativeTarget "FirstIosApp" */ = {
			isa = XCConfigurationList;
			buildConfigurations = (
				CBF4533C21144CBB00E6D937 /* Debug */,
				CBF4533D21144CBB00E6D937 /* Release */,
			);
			defaultConfigurationIsVisible = 0;
			defaultConfigurationName = Release;
		};
/* End XCConfigurationList section */
	};
	rootObject = CBF4532121144CB900E6D937 /* Project object */;
}
